
Microsoft Visual Studio Solution File, Format Version 12.00
# Visual Studio Version 16
VisualStudioVersion = 16.0.31105.61
MinimumVisualStudioVersion = 10.0.40219.1
Project("{FAE04EC0-301F-11D3-BF4B-00C04F79EFBC}") = "Movie4U.Api", "Movie4U.Api\Movie4U.Api.csproj", "{46B7D48D-2A1F-4C72-800C-48E0502A539A}"
EndProject
Project("{FAE04EC0-301F-11D3-BF4B-00C04F79EFBC}") = "Movie4U.Core", "Movie4U.Core\Movie4U.Core.csproj", "{31FB8FC2-B589-4B16-82EE-2B7CCC098857}"
EndProject
Project("{FAE04EC0-301F-11D3-BF4B-00C04F79EFBC}") = "Movie4U.Infrastructure", "Movie4U.Infrastructure\Movie4U.Infrastructure.csproj", "{A90C3C5B-96D0-48C1-8860-CA049A5ABF81}"
EndProject
Global
	GlobalSection(SolutionConfigurationPlatforms) = preSolution
		Debug|Any CPU = Debug|Any CPU
		Release|Any CPU = Release|Any CPU
	EndGlobalSection
	GlobalSection(ProjectConfigurationPlatforms) = postSolution
		{46B7D48D-2A1F-4C72-800C-48E0502A539A}.Debug|Any CPU.ActiveCfg = Debug|Any CPU
		{46B7D48D-2A1F-4C72-800C-48E0502A539A}.Debug|Any CPU.Build.0 = Debug|Any CPU
		{46B7D48D-2A1F-4C72-800C-48E0502A539A}.Release|Any CPU.ActiveCfg = Release|Any CPU
		{46B7D48D-2A1F-4C72-800C-48E0502A539A}.Release|Any CPU.Build.0 = Release|Any CPU
		{31FB8FC2-B589-4B16-82EE-2B7CCC098857}.Debug|Any CPU.ActiveCfg = Debug|Any CPU
		{31FB8FC2-B589-4B16-82EE-2B7CCC098857}.Debug|Any CPU.Build.0 = Debug|Any CPU
		{31FB8FC2-B589-4B16-82EE-2B7CCC098857}.Release|Any CPU.ActiveCfg = Release|Any CPU
		{31FB8FC2-B589-4B16-82EE-2B7CCC098857}.Release|Any CPU.Build.0 = Release|Any CPU
		{A90C3C5B-96D0-48C1-8860-CA049A5ABF81}.Debug|Any CPU.ActiveCfg = Debug|Any CPU
		{A90C3C5B-96D0-48C1-8860-CA049A5ABF81}.Debug|Any CPU.Build.0 = Debug|Any CPU
		{A90C3C5B-96D0-48C1-8860-CA049A5ABF81}.Release|Any CPU.ActiveCfg = Release|Any CPU
		{A90C3C5B-96D0-48C1-8860-CA049A5ABF81}.Release|Any CPU.Build.0 = Release|Any CPU
	EndGlobalSection
	GlobalSection(SolutionProperties) = preSolution
		HideSolutionNode = FALSE
	EndGlobalSection
	GlobalSection(ExtensibilityGlobals) = postSolution
		SolutionGuid = {AAADA32C-36EB-4288-907E-D0D1A797D3E4}
	EndGlobalSection
EndGlobal
